
Microsoft Visual Studio Solution File, Format Version 11.00
# Visual Studio 2010
Project("{FAE04EC0-301F-11D3-BF4B-00C04F79EFBC}") = "RSDInternetBanking.DAL", "RSDInternetBanking.DAL\RSDInternetBanking.DAL.csproj", "{2E285AF1-0C50-4B28-BDCC-59896E17A351}"
EndProject
Project("{FAE04EC0-301F-11D3-BF4B-00C04F79EFBC}") = "RSDInternetBanking.BLL", "RSDInternetBanking.BLL\RSDInternetBanking.BLL.csproj", "{11135A2E-DF95-4865-962C-A8E0223BFAAC}"
EndProject
Global
	GlobalSection(SolutionConfigurationPlatforms) = preSolution
		Debug|Any CPU = Debug|Any CPU
		Release|Any CPU = Release|Any CPU
	EndGlobalSection
	GlobalSection(ProjectConfigurationPlatforms) = postSolution
		{2E285AF1-0C50-4B28-BDCC-59896E17A351}.Debug|Any CPU.ActiveCfg = Debug|Any CPU
		{2E285AF1-0C50-4B28-BDCC-59896E17A351}.Debug|Any CPU.Build.0 = Debug|Any CPU
		{2E285AF1-0C50-4B28-BDCC-59896E17A351}.Release|Any CPU.ActiveCfg = Release|Any CPU
		{2E285AF1-0C50-4B28-BDCC-59896E17A351}.Release|Any CPU.Build.0 = Release|Any CPU
		{11135A2E-DF95-4865-962C-A8E0223BFAAC}.Debug|Any CPU.ActiveCfg = Debug|Any CPU
		{11135A2E-DF95-4865-962C-A8E0223BFAAC}.Debug|Any CPU.Build.0 = Debug|Any CPU
		{11135A2E-DF95-4865-962C-A8E0223BFAAC}.Release|Any CPU.ActiveCfg = Release|Any CPU
		{11135A2E-DF95-4865-962C-A8E0223BFAAC}.Release|Any CPU.Build.0 = Release|Any CPU
	EndGlobalSection
	GlobalSection(SolutionProperties) = preSolution
		HideSolutionNode = FALSE
	EndGlobalSection
EndGlobal
